// !$*UTF8*$!
{
	archiveVersion = 1;
	classes = {
	};
	objectVersion = 48;
	objects = {

/* Begin PBXBuildFile section */
		2203D53B2035DCA800D994AB /* AppDelegate.swift in Sources */ = {isa = PBXBuildFile; fileRef = 2203D53A2035DCA800D994AB /* AppDelegate.swift */; };
		2203D53D2035DCA800D994AB /* RootViewController.swift in Sources */ = {isa = PBXBuildFile; fileRef = 2203D53C2035DCA800D994AB /* RootViewController.swift */; };
		2203D53F2035DCA800D994AB /* DataViewController.swift in Sources */ = {isa = PBXBuildFile; fileRef = 2203D53E2035DCA800D994AB /* DataViewController.swift */; };
		2203D5412035DCA800D994AB /* ModelController.swift in Sources */ = {isa = PBXBuildFile; fileRef = 2203D5402035DCA800D994AB /* ModelController.swift */; };
		2203D5442035DCA800D994AB /* Main.storyboard in Resources */ = {isa = PBXBuildFile; fileRef = 2203D5422035DCA800D994AB /* Main.storyboard */; };
		2203D5462035DCA800D994AB /* Assets.xcassets in Resources */ = {isa = PBXBuildFile; fileRef = 2203D5452035DCA800D994AB /* Assets.xcassets */; };
		2203D5492035DCA800D994AB /* LaunchScreen.storyboard in Resources */ = {isa = PBXBuildFile; fileRef = 2203D5472035DCA800D994AB /* LaunchScreen.storyboard */; };
/* End PBXBuildFile section */

/* Begin PBXFileReference section */
		2203D5372035DCA800D994AB /* OlympicBanner.app */ = {isa = PBXFileReference; explicitFileType = wrapper.application; includeInIndex = 0; path = OlympicBanner.app; sourceTree = BUILT_PRODUCTS_DIR; };
		2203D53A2035DCA800D994AB /* AppDelegate.swift */ = {isa = PBXFileReference; lastKnownFileType = sourcecode.swift; path = AppDelegate.swift; sourceTree = "<group>"; };
		2203D53C2035DCA800D994AB /* RootViewController.swift */ = {isa = PBXFileReference; lastKnownFileType = sourcecode.swift; path = RootViewController.swift; sourceTree = "<group>"; };
		2203D53E2035DCA800D994AB /* DataViewController.swift */ = {isa = PBXFileReference; lastKnownFileType = sourcecode.swift; path = DataViewController.swift; sourceTree = "<group>"; };
		2203D5402035DCA800D994AB /* ModelController.swift */ = {isa = PBXFileReference; lastKnownFileType = sourcecode.swift; path = ModelController.swift; sourceTree = "<group>"; };
		2203D5432035DCA800D994AB /* Base */ = {isa = PBXFileReference; lastKnownFileType = file.storyboard; name = Base; path = Base.lproj/Main.storyboard; sourceTree = "<group>"; };
		2203D5452035DCA800D994AB /* Assets.xcassets */ = {isa = PBXFileReference; lastKnownFileType = folder.assetcatalog; path = Assets.xcassets; sourceTree = "<group>"; };
		2203D5482035DCA800D994AB /* Base */ = {isa = PBXFileReference; lastKnownFileType = file.storyboard; name = Base; path = Base.lproj/LaunchScreen.storyboard; sourceTree = "<group>"; };
		2203D54A2035DCA800D994AB /* Info.plist */ = {isa = PBXFileReference; lastKnownFileType = text.plist.xml; path = Info.plist; sourceTree = "<group>"; };
/* End PBXFileReference section */

/* Begin PBXFrameworksBuildPhase section */
		2203D5342035DCA800D994AB /* Frameworks */ = {
			isa = PBXFrameworksBuildPhase;
			buildActionMask = 2147483647;
			files = (
			);
			runOnlyForDeploymentPostprocessing = 0;
		};
/* End PBXFrameworksBuildPhase section */

/* Begin PBXGroup section */
		2203D52E2035DCA800D994AB = {
			isa = PBXGroup;
			children = (
				2203D5392035DCA800D994AB /* OlympicBanner */,
				2203D5382035DCA800D994AB /* Products */,
			);
			sourceTree = "<group>";
		};
		2203D5382035DCA800D994AB /* Products */ = {
			isa = PBXGroup;
			children = (
				2203D5372035DCA800D994AB /* OlympicBanner.app */,
			);
			name = Products;
			sourceTree = "<group>";
		};
		2203D5392035DCA800D994AB /* OlympicBanner */ = {
			isa = PBXGroup;
			children = (
				2203D53A2035DCA800D994AB /* AppDelegate.swift */,
				2203D53C2035DCA800D994AB /* RootViewController.swift */,
				2203D53E2035DCA800D994AB /* DataViewController.swift */,
				2203D5402035DCA800D994AB /* ModelController.swift */,
				2203D5422035DCA800D994AB /* Main.storyboard */,
				2203D5452035DCA800D994AB /* Assets.xcassets */,
				2203D5472035DCA800D994AB /* LaunchScreen.storyboard */,
				2203D54A2035DCA800D994AB /* Info.plist */,
			);
			path = OlympicBanner;
			sourceTree = "<group>";
		};
/* End PBXGroup section */

/* Begin PBXNativeTarget section */
		2203D5362035DCA800D994AB /* OlympicBanner */ = {
			isa = PBXNativeTarget;
			buildConfigurationList = 2203D54D2035DCA800D994AB /* Build configuration list for PBXNativeTarget "OlympicBanner" */;
			buildPhases = (
				2203D5332035DCA800D994AB /* Sources */,
				2203D5342035DCA800D994AB /* Frameworks */,
				2203D5352035DCA800D994AB /* Resources */,
			);
			buildRules = (
			);
			dependencies = (
			);
			name = OlympicBanner;
			productName = OlympicBanner;
			productReference = 2203D5372035DCA800D994AB /* OlympicBanner.app */;
			productType = "com.apple.product-type.application";
		};
/* End PBXNativeTarget section */

/* Begin PBXProject section */
		2203D52F2035DCA800D994AB /* Project object */ = {
			isa = PBXProject;
			attributes = {
				LastSwiftUpdateCheck = 0920;
				LastUpgradeCheck = 0920;
				ORGANIZATIONNAME = "DJ McKay";
				TargetAttributes = {
					2203D5362035DCA800D994AB = {
						CreatedOnToolsVersion = 9.2;
						ProvisioningStyle = Automatic;
					};
				};
			};
			buildConfigurationList = 2203D5322035DCA800D994AB /* Build configuration list for PBXProject "OlympicBanner" */;
			compatibilityVersion = "Xcode 8.0";
			developmentRegion = en;
			hasScannedForEncodings = 0;
			knownRegions = (
				en,
				Base,
			);
			mainGroup = 2203D52E2035DCA800D994AB;
			productRefGroup = 2203D5382035DCA800D994AB /* Products */;
			projectDirPath = "";
			projectRoot = "";
			targets = (
				2203D5362035DCA800D994AB /* OlympicBanner */,
			);
		};
/* End PBXProject section */

/* Begin PBXResourcesBuildPhase section */
		2203D5352035DCA800D994AB /* Resources */ = {
			isa = PBXResourcesBuildPhase;
			buildActionMask = 2147483647;
			files = (
				2203D5492035DCA800D994AB /* LaunchScreen.storyboard in Resources */,
				2203D5462035DCA800D994AB /* Assets.xcassets in Resources */,
				2203D5442035DCA800D994AB /* Main.storyboard in Resources */,
			);
			runOnlyForDeploymentPostprocessing = 0;
		};
/* End PBXResourcesBuildPhase section */

/* Begin PBXSourcesBuildPhase section */
		2203D5332035DCA800D994AB /* Sources */ = {
			isa = PBXSourcesBuildPhase;
			buildActionMask = 2147483647;
			files = (
				2203D53D2035DCA800D994AB /* RootViewController.swift in Sources */,
				2203D5412035DCA800D994AB /* ModelController.swift in Sources */,
				2203D53F2035DCA800D994AB /* DataViewController.swift in Sources */,
				2203D53B2035DCA800D994AB /* AppDelegate.swift in Sources */,
			);
			runOnlyForDeploymentPostprocessing = 0;
		};
/* End PBXSourcesBuildPhase section */

/* Begin PBXVariantGroup section */
		2203D5422035DCA800D994AB /* Main.storyboard */ = {
			isa = PBXVariantGroup;
			children = (
				2203D5432035DCA800D994AB /* Base */,
			);
			name = Main.storyboard;
			sourceTree = "<group>";
		};
		2203D5472035DCA800D994AB /* LaunchScreen.storyboard */ = {
			isa = PBXVariantGroup;
			children = (
				2203D5482035DCA800D994AB /* Base */,
			);
			name = LaunchScreen.storyboard;
			sourceTree = "<group>";
		};
/* End PBXVariantGroup section */

/* Begin XCBuildConfiguration section */
		2203D54B2035DCA800D994AB /* Debug */ = {
			isa = XCBuildConfiguration;
			buildSettings = {
				ALWAYS_SEARCH_USER_PATHS = NO;
				CLANG_ANALYZER_NONNULL = YES;
				CLANG_ANALYZER_NUMBER_OBJECT_CONVERSION = YES_AGGRESSIVE;
				CLANG_CXX_LANGUAGE_STANDARD = "gnu++14";
				CLANG_CXX_LIBRARY = "libc++";
				CLANG_ENABLE_MODULES = YES;
				CLANG_ENABLE_OBJC_ARC = YES;
				CLANG_WARN_BLOCK_CAPTURE_AUTORELEASING = YES;
				CLANG_WARN_BOOL_CONVERSION = YES;
				CLANG_WARN_COMMA = YES;
				CLANG_WARN_CONSTANT_CONVERSION = YES;
				CLANG_WARN_DIRECT_OBJC_ISA_USAGE = YES_ERROR;
				CLANG_WARN_DOCUMENTATION_COMMENTS = YES;
				CLANG_WARN_EMPTY_BODY = YES;
				CLANG_WARN_ENUM_CONVERSION = YES;
				CLANG_WARN_INFINITE_RECURSION = YES;
				CLANG_WARN_INT_CONVERSION = YES;
				CLANG_WARN_NON_LITERAL_NULL_CONVERSION = YES;
				CLANG_WARN_OBJC_LITERAL_CONVERSION = YES;
				CLANG_WARN_OBJC_ROOT_CLASS = YES_ERROR;
				CLANG_WARN_RANGE_LOOP_ANALYSIS = YES;
				CLANG_WARN_STRICT_PROTOTYPES = YES;
				CLANG_WARN_SUSPICIOUS_MOVE = YES;
				CLANG_WARN_UNGUARDED_AVAILABILITY = YES_AGGRESSIVE;
				CLANG_WARN_UNREACHABLE_CODE = YES;
				CLANG_WARN__DUPLICATE_METHOD_MATCH = YES;
				CODE_SIGN_IDENTITY = "iPhone Developer";
				COPY_PHASE_STRIP = NO;
				DEBUG_INFORMATION_FORMAT = dwarf;
				ENABLE_STRICT_OBJC_MSGSEND = YES;
				ENABLE_TESTABILITY = YES;
				GCC_C_LANGUAGE_STANDARD = gnu11;
				GCC_DYNAMIC_NO_PIC = NO;
				GCC_NO_COMMON_BLOCKS = YES;
				GCC_OPTIMIZATION_LEVEL = 0;
				GCC_PREPROCESSOR_DEFINITIONS = (
					"DEBUG=1",
					"$(inherited)",
				);
				GCC_WARN_64_TO_32_BIT_CONVERSION = YES;
				GCC_WARN_ABOUT_RETURN_TYPE = YES_ERROR;
				GCC_WARN_UNDECLARED_SELECTOR = YES;
				GCC_WARN_UNINITIALIZED_AUTOS = YES_AGGRESSIVE;
				GCC_WARN_UNUSED_FUNCTION = YES;
				GCC_WARN_UNUSED_VARIABLE = YES;
				IPHONEOS_DEPLOYMENT_TARGET = 11.2;
				MTL_ENABLE_DEBUG_INFO = YES;
				ONLY_ACTIVE_ARCH = YES;
				SDKROOT = iphoneos;
				SWIFT_ACTIVE_COMPILATION_CONDITIONS = DEBUG;
				SWIFT_OPTIMIZATION_LEVEL = "-Onone";
			};
			name = Debug;
		};
		2203D54C2035DCA800D994AB /* Release */ = {
			isa = XCBuildConfiguration;
			buildSettings = {
				ALWAYS_SEARCH_USER_PATHS = NO;
				CLANG_ANALYZER_NONNULL = YES;
				CLANG_ANALYZER_NUMBER_OBJECT_CONVERSION = YES_AGGRESSIVE;
				CLANG_CXX_LANGUAGE_STANDARD = "gnu++14";
				CLANG_CXX_LIBRARY = "libc++";
				CLANG_ENABLE_MODULES = YES;
				CLANG_ENABLE_OBJC_ARC = YES;
				CLANG_WARN_BLOCK_CAPTURE_AUTORELEASING = YES;
				CLANG_WARN_BOOL_CONVERSION = YES;
				CLANG_WARN_COMMA = YES;
				CLANG_WARN_CONSTANT_CONVERSION = YES;
				CLANG_WARN_DIRECT_OBJC_ISA_USAGE = YES_ERROR;
				CLANG_WARN_DOCUMENTATION_COMMENTS = YES;
				CLANG_WARN_EMPTY_BODY = YES;
				CLANG_WARN_ENUM_CONVERSION = YES;
				CLANG_WARN_INFINITE_RECURSION = YES;
				CLANG_WARN_INT_CONVERSION = YES;
				CLANG_WARN_NON_LITERAL_NULL_CONVERSION = YES;
				CLANG_WARN_OBJC_LITERAL_CONVERSION = YES;
				CLANG_WARN_OBJC_ROOT_CLASS = YES_ERROR;
				CLANG_WARN_RANGE_LOOP_ANALYSIS = YES;
				CLANG_WARN_STRICT_PROTOTYPES = YES;
				CLANG_WARN_SUSPICIOUS_MOVE = YES;
				CLANG_WARN_UNGUARDED_AVAILABILITY = YES_AGGRESSIVE;
				CLANG_WARN_UNREACHABLE_CODE = YES;
				CLANG_WARN__DUPLICATE_METHOD_MATCH = YES;
				CODE_SIGN_IDENTITY = "iPhone Developer";
				COPY_PHASE_STRIP = NO;
				DEBUG_INFORMATION_FORMAT = "dwarf-with-dsym";
				ENABLE_NS_ASSERTIONS = NO;
				ENABLE_STRICT_OBJC_MSGSEND = YES;
				GCC_C_LANGUAGE_STANDARD = gnu11;
				GCC_NO_COMMON_BLOCKS = YES;
				GCC_WARN_64_TO_32_BIT_CONVERSION = YES;
				GCC_WARN_ABOUT_RETURN_TYPE = YES_ERROR;
				GCC_WARN_UNDECLARED_SELECTOR = YES;
				GCC_WARN_UNINITIALIZED_AUTOS = YES_AGGRESSIVE;
				GCC_WARN_UNUSED_FUNCTION = YES;
				GCC_WARN_UNUSED_VARIABLE = YES;
				IPHONEOS_DEPLOYMENT_TARGET = 11.2;
				MTL_ENABLE_DEBUG_INFO = NO;
				SDKROOT = iphoneos;
				SWIFT_OPTIMIZATION_LEVEL = "-Owholemodule";
				VALIDATE_PRODUCT = YES;
			};
			name = Release;
		};
		2203D54E2035DCA800D994AB /* Debug */ = {
			isa = XCBuildConfiguration;
			buildSettings = {
				ASSETCATALOG_COMPILER_APPICON_NAME = AppIcon;
				CODE_SIGN_STYLE = Automatic;
				DEVELOPMENT_TEAM = 8Q5Q8VAQZ5;
				INFOPLIST_FILE = OlympicBanner/Info.plist;
				LD_RUNPATH_SEARCH_PATHS = "$(inherited) @executable_path/Frameworks";
				PRODUCT_BUNDLE_IDENTIFIER = com.jeanoelyse.OlympicBanner;
				PRODUCT_NAME = "$(TARGET_NAME)";
				SWIFT_VERSION = 4.0;
				TARGETED_DEVICE_FAMILY = "1,2";
			};
			name = Debug;
		};
		2203D54F2035DCA800D994AB /* Release */ = {
			isa = XCBuildConfiguration;
			buildSettings = {
				ASSETCATALOG_COMPILER_APPICON_NAME = AppIcon;
				CODE_SIGN_STYLE = Automatic;
				DEVELOPMENT_TEAM = 8Q5Q8VAQZ5;
				INFOPLIST_FILE = OlympicBanner/Info.plist;
				LD_RUNPATH_SEARCH_PATHS = "$(inherited) @executable_path/Frameworks";
				PRODUCT_BUNDLE_IDENTIFIER = com.jeanoelyse.OlympicBanner;
				PRODUCT_NAME = "$(TARGET_NAME)";
				SWIFT_VERSION = 4.0;
				TARGETED_DEVICE_FAMILY = "1,2";
			};
			name = Release;
		};
/* End XCBuildConfiguration section */

/* Begin XCConfigurationList section */
		2203D5322035DCA800D994AB /* Build configuration list for PBXProject "OlympicBanner" */ = {
			isa = XCConfigurationList;
			buildConfigurations = (
				2203D54B2035DCA800D994AB /* Debug */,
				2203D54C2035DCA800D994AB /* Release */,
			);
			defaultConfigurationIsVisible = 0;
			defaultConfigurationName = Release;
		};
		2203D54D2035DCA800D994AB /* Build configuration list for PBXNativeTarget "OlympicBanner" */ = {
			isa = XCConfigurationList;
			buildConfigurations = (
				2203D54E2035DCA800D994AB /* Debug */,
				2203D54F2035DCA800D994AB /* Release */,
			);
			defaultConfigurationIsVisible = 0;
			defaultConfigurationName = Release;
		};
/* End XCConfigurationList section */
	};
	rootObject = 2203D52F2035DCA800D994AB /* Project object */;
}
